
Microsoft Visual Studio Solution File, Format Version 12.00
# Visual Studio Version 16
VisualStudioVersion = 16.0.30621.155
MinimumVisualStudioVersion = 10.0.40219.1
Project("{888888A0-9F3D-457C-B088-3A5042F75D52}") = "Ejercicio horner python", "Ejercicio horner python\Ejercicio horner python.pyproj", "{A81636DB-E925-4EE3-B580-EEBC328CE48F}"
EndProject
Global
	GlobalSection(SolutionConfigurationPlatforms) = preSolution
		Debug|Any CPU = Debug|Any CPU
		Release|Any CPU = Release|Any CPU
	EndGlobalSection
	GlobalSection(ProjectConfigurationPlatforms) = postSolution
		{A81636DB-E925-4EE3-B580-EEBC328CE48F}.Debug|Any CPU.ActiveCfg = Debug|Any CPU
		{A81636DB-E925-4EE3-B580-EEBC328CE48F}.Release|Any CPU.ActiveCfg = Release|Any CPU
	EndGlobalSection
	GlobalSection(SolutionProperties) = preSolution
		HideSolutionNode = FALSE
	EndGlobalSection
	GlobalSection(ExtensibilityGlobals) = postSolution
		SolutionGuid = {6A17EF6F-E99B-458E-8277-00D53EABFB3E}
	EndGlobalSection
EndGlobal
